
Microsoft Visual Studio Solution File, Format Version 12.00
# Visual Studio Version 17
VisualStudioVersion = 17.4.33213.308
MinimumVisualStudioVersion = 10.0.40219.1
Project("{FAE04EC0-301F-11D3-BF4B-00C04F79EFBC}") = "GymProject", "GymProject\GymProject.csproj", "{A5F32D9A-BCD2-4819-A3DA-4E0573102CD3}"
EndProject
Global
	GlobalSection(SolutionConfigurationPlatforms) = preSolution
		Debug|Any CPU = Debug|Any CPU
		Release|Any CPU = Release|Any CPU
	EndGlobalSection
	GlobalSection(ProjectConfigurationPlatforms) = postSolution
		{A5F32D9A-BCD2-4819-A3DA-4E0573102CD3}.Debug|Any CPU.ActiveCfg = Debug|Any CPU
		{A5F32D9A-BCD2-4819-A3DA-4E0573102CD3}.Debug|Any CPU.Build.0 = Debug|Any CPU
		{A5F32D9A-BCD2-4819-A3DA-4E0573102CD3}.Release|Any CPU.ActiveCfg = Release|Any CPU
		{A5F32D9A-BCD2-4819-A3DA-4E0573102CD3}.Release|Any CPU.Build.0 = Release|Any CPU
	EndGlobalSection
	GlobalSection(SolutionProperties) = preSolution
		HideSolutionNode = FALSE
	EndGlobalSection
	GlobalSection(ExtensibilityGlobals) = postSolution
		SolutionGuid = {FEE09454-F196-478F-BC87-AF9A0411E0EC}
	EndGlobalSection
EndGlobal
